
Microsoft Visual Studio Solution File, Format Version 12.00
# Visual Studio 14
VisualStudioVersion = 14.0.24720.0
MinimumVisualStudioVersion = 10.0.40219.1
Project("{FAE04EC0-301F-11D3-BF4B-00C04F79EFBC}") = "ArgumentValidator", "ArgumentValidator\ArgumentValidator.csproj", "{B64CA056-542F-4731-8EBB-F1068E6EB46C}"
EndProject
Project("{FAE04EC0-301F-11D3-BF4B-00C04F79EFBC}") = "ArgumentValidatorTests", "ArgumentValidatorTests\ArgumentValidatorTests.csproj", "{D6470311-BDC4-4C55-B8F1-1980F75611C9}"
EndProject
Global
	GlobalSection(SolutionConfigurationPlatforms) = preSolution
		Debug|Any CPU = Debug|Any CPU
		Release|Any CPU = Release|Any CPU
	EndGlobalSection
	GlobalSection(ProjectConfigurationPlatforms) = postSolution
		{B64CA056-542F-4731-8EBB-F1068E6EB46C}.Debug|Any CPU.ActiveCfg = Debug|Any CPU
		{B64CA056-542F-4731-8EBB-F1068E6EB46C}.Debug|Any CPU.Build.0 = Debug|Any CPU
		{B64CA056-542F-4731-8EBB-F1068E6EB46C}.Release|Any CPU.ActiveCfg = Release|Any CPU
		{B64CA056-542F-4731-8EBB-F1068E6EB46C}.Release|Any CPU.Build.0 = Release|Any CPU
		{D6470311-BDC4-4C55-B8F1-1980F75611C9}.Debug|Any CPU.ActiveCfg = Debug|Any CPU
		{D6470311-BDC4-4C55-B8F1-1980F75611C9}.Debug|Any CPU.Build.0 = Debug|Any CPU
		{D6470311-BDC4-4C55-B8F1-1980F75611C9}.Release|Any CPU.ActiveCfg = Release|Any CPU
		{D6470311-BDC4-4C55-B8F1-1980F75611C9}.Release|Any CPU.Build.0 = Release|Any CPU
	EndGlobalSection
	GlobalSection(SolutionProperties) = preSolution
		HideSolutionNode = FALSE
	EndGlobalSection
EndGlobal
